
Microsoft Visual Studio Solution File, Format Version 12.00
# Visual Studio Version 16
VisualStudioVersion = 16.0.31025.194
MinimumVisualStudioVersion = 10.0.40219.1
Project("{9A19103F-16F7-4668-BE54-9A1E7A4F7556}") = "bookapi", "bookapi\bookapi.csproj", "{127C652F-29F1-40DF-BFA4-FC5BA33D5EF8}"
EndProject
Project("{FAE04EC0-301F-11D3-BF4B-00C04F79EFBC}") = "book.test", "book.test\book.test.csproj", "{2782EDA0-88C7-40D2-8F5C-BAC1819DEB9B}"
EndProject
Global
	GlobalSection(SolutionConfigurationPlatforms) = preSolution
		Debug|Any CPU = Debug|Any CPU
		Release|Any CPU = Release|Any CPU
	EndGlobalSection
	GlobalSection(ProjectConfigurationPlatforms) = postSolution
		{127C652F-29F1-40DF-BFA4-FC5BA33D5EF8}.Debug|Any CPU.ActiveCfg = Debug|Any CPU
		{127C652F-29F1-40DF-BFA4-FC5BA33D5EF8}.Debug|Any CPU.Build.0 = Debug|Any CPU
		{127C652F-29F1-40DF-BFA4-FC5BA33D5EF8}.Release|Any CPU.ActiveCfg = Release|Any CPU
		{127C652F-29F1-40DF-BFA4-FC5BA33D5EF8}.Release|Any CPU.Build.0 = Release|Any CPU
		{2782EDA0-88C7-40D2-8F5C-BAC1819DEB9B}.Debug|Any CPU.ActiveCfg = Debug|Any CPU
		{2782EDA0-88C7-40D2-8F5C-BAC1819DEB9B}.Debug|Any CPU.Build.0 = Debug|Any CPU
		{2782EDA0-88C7-40D2-8F5C-BAC1819DEB9B}.Release|Any CPU.ActiveCfg = Release|Any CPU
		{2782EDA0-88C7-40D2-8F5C-BAC1819DEB9B}.Release|Any CPU.Build.0 = Release|Any CPU
	EndGlobalSection
	GlobalSection(SolutionProperties) = preSolution
		HideSolutionNode = FALSE
	EndGlobalSection
	GlobalSection(ExtensibilityGlobals) = postSolution
		SolutionGuid = {77A585FA-A0C5-445B-A0AC-6B6A334C9D6A}
	EndGlobalSection
EndGlobal
